// !$*UTF8*$!
{
	archiveVersion = 1;
	classes = {
	};
	objectVersion = 70;
	objects = {

/* Begin PBXBuildFile section */
		50001B1A2C3E5F0000000001 /* StudyArcadeApp.swift in Sources */ = {isa = PBXBuildFile; fileRef = 50001B192C3E5F0000000001 /* StudyArcadeApp.swift */; };
		50001B1C2C3E5F0000000001 /* ContentView.swift in Sources */ = {isa = PBXBuildFile; fileRef = 50001B1B2C3E5F0000000001 /* ContentView.swift */; };
		5E5A424C2F46BB3000D9B8C9 /* GameWrapper.swift in Sources */ = {isa = PBXBuildFile; fileRef = 5E5A423F2F46BB3000D9B8C9 /* GameWrapper.swift */; };
		5E5A424D2F46BB3000D9B8C9 /* Flashcard.swift in Sources */ = {isa = PBXBuildFile; fileRef = 5E5A42422F46BB3000D9B8C9 /* Flashcard.swift */; };
		5E5A424E2F46BB3000D9B8C9 /* StudySet.swift in Sources */ = {isa = PBXBuildFile; fileRef = 5E5A42432F46BB3000D9B8C9 /* StudySet.swift */; };
		5E5A424F2F46BB3000D9B8C9 /* UserProgress.swift in Sources */ = {isa = PBXBuildFile; fileRef = 5E5A42442F46BB3000D9B8C9 /* UserProgress.swift */; };
		5E5A42502F46BB3000D9B8C9 /* StudySetDetailView.swift in Sources */ = {isa = PBXBuildFile; fileRef = 5E5A42482F46BB3000D9B8C9 /* StudySetDetailView.swift */; };
		5E5A42522F46BB3000D9B8C9 /* TapGameView.swift in Sources */ = {isa = PBXBuildFile; fileRef = 5E5A42402F46BB3000D9B8C9 /* TapGameView.swift */; };
		5E5A426D2F4747C400D9B8C9 /* RhythmTapGameView.swift in Sources */ = {isa = PBXBuildFile; fileRef = 5E5A42632F4747C400D9B8C9 /* RhythmTapGameView.swift */; };
		5E5A426E2F4747C400D9B8C9 /* TowerStackGameView.swift in Sources */ = {isa = PBXBuildFile; fileRef = 5E5A426B2F4747C400D9B8C9 /* TowerStackGameView.swift */; };
		5E5A426F2F4747C400D9B8C9 /* WoodFitGameView.swift in Sources */ = {isa = PBXBuildFile; fileRef = 5E5A426C2F4747C400D9B8C9 /* WoodFitGameView.swift */; };
		5E5A42702F4747C400D9B8C9 /* BrickBreakerGameView.swift in Sources */ = {isa = PBXBuildFile; fileRef = 5E5A42552F4747C400D9B8C9 /* BrickBreakerGameView.swift */; };
		5E5A42712F4747C400D9B8C9 /* SliceStormGameView.swift in Sources */ = {isa = PBXBuildFile; fileRef = 5E5A42652F4747C400D9B8C9 /* SliceStormGameView.swift */; };
		5E5A42722F4747C400D9B8C9 /* BubbleShooterGameView.swift in Sources */ = {isa = PBXBuildFile; fileRef = 5E5A42562F4747C400D9B8C9 /* BubbleShooterGameView.swift */; };
		5E5A42732F4747C400D9B8C9 /* SpinWinGameView.swift in Sources */ = {isa = PBXBuildFile; fileRef = 5E5A42682F4747C400D9B8C9 /* SpinWinGameView.swift */; };
		5E5A42742F4747C400D9B8C9 /* TileMergeGameView.swift in Sources */ = {isa = PBXBuildFile; fileRef = 5E5A426A2F4747C400D9B8C9 /* TileMergeGameView.swift */; };
		5E5A42752F4747C400D9B8C9 /* SpaceBlasterGameView.swift in Sources */ = {isa = PBXBuildFile; fileRef = 5E5A42672F4747C400D9B8C9 /* SpaceBlasterGameView.swift */; };
		5E5A42762F4747C400D9B8C9 /* GameSelectionView.swift in Sources */ = {isa = PBXBuildFile; fileRef = 5E5A425A2F4747C400D9B8C9 /* GameSelectionView.swift */; };
		5E5A42772F4747C400D9B8C9 /* StarCatcherGameView.swift in Sources */ = {isa = PBXBuildFile; fileRef = 5E5A42692F4747C400D9B8C9 /* StarCatcherGameView.swift */; };
		5E5A42782F4747C400D9B8C9 /* SkyJumpGameView.swift in Sources */ = {isa = PBXBuildFile; fileRef = 5E5A42642F4747C400D9B8C9 /* SkyJumpGameView.swift */; };
		5E5A42792F4747C400D9B8C9 /* PatternPulseGameView.swift in Sources */ = {isa = PBXBuildFile; fileRef = 5E5A42612F4747C400D9B8C9 /* PatternPulseGameView.swift */; };
		5E5A427A2F4747C400D9B8C9 /* LaneRunnerGameView.swift in Sources */ = {isa = PBXBuildFile; fileRef = 5E5A425E2F4747C400D9B8C9 /* LaneRunnerGameView.swift */; };
		5E5A427B2F4747C400D9B8C9 /* PongRallyGameView.swift in Sources */ = {isa = PBXBuildFile; fileRef = 5E5A42622F4747C400D9B8C9 /* PongRallyGameView.swift */; };
		5E5A427C2F4747C400D9B8C9 /* FlapDashGameView.swift in Sources */ = {isa = PBXBuildFile; fileRef = 5E5A42592F4747C400D9B8C9 /* FlapDashGameView.swift */; };
		5E5A427D2F4747C400D9B8C9 /* ColorDashGameView.swift in Sources */ = {isa = PBXBuildFile; fileRef = 5E5A42582F4747C400D9B8C9 /* ColorDashGameView.swift */; };
		5E5A427E2F4747C400D9B8C9 /* CardClimberGameView.swift in Sources */ = {isa = PBXBuildFile; fileRef = 5E5A42572F4747C400D9B8C9 /* CardClimberGameView.swift */; };
		5E5A427F2F4747C400D9B8C9 /* GravityDashGameView.swift in Sources */ = {isa = PBXBuildFile; fileRef = 5E5A425C2F4747C400D9B8C9 /* GravityDashGameView.swift */; };
		5E5A42802F4747C400D9B8C9 /* MazeRunnerGameView.swift in Sources */ = {isa = PBXBuildFile; fileRef = 5E5A425F2F4747C400D9B8C9 /* MazeRunnerGameView.swift */; };
		5E5A42812F4747C400D9B8C9 /* GemMatchGameView.swift in Sources */ = {isa = PBXBuildFile; fileRef = 5E5A425B2F4747C400D9B8C9 /* GemMatchGameView.swift */; };
		5E5A42822F4747C400D9B8C9 /* SnakeGameView.swift in Sources */ = {isa = PBXBuildFile; fileRef = 5E5A42662F4747C400D9B8C9 /* SnakeGameView.swift */; };
		5E5A42832F4747C400D9B8C9 /* HexPuzzleGameView.swift in Sources */ = {isa = PBXBuildFile; fileRef = 5E5A425D2F4747C400D9B8C9 /* HexPuzzleGameView.swift */; };
		5E5A42842F4747C400D9B8C9 /* BlockDropGameView.swift in Sources */ = {isa = PBXBuildFile; fileRef = 5E5A42542F4747C400D9B8C9 /* BlockDropGameView.swift */; };
		5E5A42852F4747C400D9B8C9 /* MoleSmashGameView.swift in Sources */ = {isa = PBXBuildFile; fileRef = 5E5A42602F4747C400D9B8C9 /* MoleSmashGameView.swift */; };
/* End PBXBuildFile section */

/* Begin PBXFileReference section */
		50001B0F2C3E5F0000000001 /* StudyArcade.app */ = {isa = PBXFileReference; explicitFileType = wrapper.application; includeInIndex = 0; path = StudyArcade.app; sourceTree = BUILT_PRODUCTS_DIR; };
		50001B192C3E5F0000000001 /* StudyArcadeApp.swift */ = {isa = PBXFileReference; lastKnownFileType = sourcecode.swift; path = StudyArcadeApp.swift; sourceTree = "<group>"; };
		50001B1B2C3E5F0000000001 /* ContentView.swift */ = {isa = PBXFileReference; lastKnownFileType = sourcecode.swift; path = ContentView.swift; sourceTree = "<group>"; };
		50001B362C3E5F0100000001 /* StudyArcadeTests.xctest */ = {isa = PBXFileReference; explicitFileType = wrapper.cfbundle; includeInIndex = 0; path = StudyArcadeTests.xctest; sourceTree = BUILT_PRODUCTS_DIR; };
		5E5A423F2F46BB3000D9B8C9 /* GameWrapper.swift */ = {isa = PBXFileReference; lastKnownFileType = sourcecode.swift; path = GameWrapper.swift; sourceTree = "<group>"; };
		5E5A42402F46BB3000D9B8C9 /* TapGameView.swift */ = {isa = PBXFileReference; lastKnownFileType = sourcecode.swift; path = TapGameView.swift; sourceTree = "<group>"; };
		5E5A42422F46BB3000D9B8C9 /* Flashcard.swift */ = {isa = PBXFileReference; lastKnownFileType = sourcecode.swift; path = Flashcard.swift; sourceTree = "<group>"; };
		5E5A42432F46BB3000D9B8C9 /* StudySet.swift */ = {isa = PBXFileReference; lastKnownFileType = sourcecode.swift; path = StudySet.swift; sourceTree = "<group>"; };
		5E5A42442F46BB3000D9B8C9 /* UserProgress.swift */ = {isa = PBXFileReference; lastKnownFileType = sourcecode.swift; path = UserProgress.swift; sourceTree = "<group>"; };
		5E5A42482F46BB3000D9B8C9 /* StudySetDetailView.swift */ = {isa = PBXFileReference; lastKnownFileType = sourcecode.swift; path = StudySetDetailView.swift; sourceTree = "<group>"; };
		5E5A42542F4747C400D9B8C9 /* BlockDropGameView.swift */ = {isa = PBXFileReference; lastKnownFileType = sourcecode.swift; path = BlockDropGameView.swift; sourceTree = "<group>"; };
		5E5A42552F4747C400D9B8C9 /* BrickBreakerGameView.swift */ = {isa = PBXFileReference; lastKnownFileType = sourcecode.swift; path = BrickBreakerGameView.swift; sourceTree = "<group>"; };
		5E5A42562F4747C400D9B8C9 /* BubbleShooterGameView.swift */ = {isa = PBXFileReference; lastKnownFileType = sourcecode.swift; path = BubbleShooterGameView.swift; sourceTree = "<group>"; };
		5E5A42572F4747C400D9B8C9 /* CardClimberGameView.swift */ = {isa = PBXFileReference; lastKnownFileType = sourcecode.swift; path = CardClimberGameView.swift; sourceTree = "<group>"; };
		5E5A42582F4747C400D9B8C9 /* ColorDashGameView.swift */ = {isa = PBXFileReference; lastKnownFileType = sourcecode.swift; path = ColorDashGameView.swift; sourceTree = "<group>"; };
		5E5A42592F4747C400D9B8C9 /* FlapDashGameView.swift */ = {isa = PBXFileReference; lastKnownFileType = sourcecode.swift; path = FlapDashGameView.swift; sourceTree = "<group>"; };
		5E5A425A2F4747C400D9B8C9 /* GameSelectionView.swift */ = {isa = PBXFileReference; lastKnownFileType = sourcecode.swift; path = GameSelectionView.swift; sourceTree = "<group>"; };
		5E5A425B2F4747C400D9B8C9 /* GemMatchGameView.swift */ = {isa = PBXFileReference; lastKnownFileType = sourcecode.swift; path = GemMatchGameView.swift; sourceTree = "<group>"; };
		5E5A425C2F4747C400D9B8C9 /* GravityDashGameView.swift */ = {isa = PBXFileReference; lastKnownFileType = sourcecode.swift; path = GravityDashGameView.swift; sourceTree = "<group>"; };
		5E5A425D2F4747C400D9B8C9 /* HexPuzzleGameView.swift */ = {isa = PBXFileReference; lastKnownFileType = sourcecode.swift; path = HexPuzzleGameView.swift; sourceTree = "<group>"; };
		5E5A425E2F4747C400D9B8C9 /* LaneRunnerGameView.swift */ = {isa = PBXFileReference; lastKnownFileType = sourcecode.swift; path = LaneRunnerGameView.swift; sourceTree = "<group>"; };
		5E5A425F2F4747C400D9B8C9 /* MazeRunnerGameView.swift */ = {isa = PBXFileReference; lastKnownFileType = sourcecode.swift; path = MazeRunnerGameView.swift; sourceTree = "<group>"; };
		5E5A42602F4747C400D9B8C9 /* MoleSmashGameView.swift */ = {isa = PBXFileReference; lastKnownFileType = sourcecode.swift; path = MoleSmashGameView.swift; sourceTree = "<group>"; };
		5E5A42612F4747C400D9B8C9 /* PatternPulseGameView.swift */ = {isa = PBXFileReference; lastKnownFileType = sourcecode.swift; path = PatternPulseGameView.swift; sourceTree = "<group>"; };
		5E5A42622F4747C400D9B8C9 /* PongRallyGameView.swift */ = {isa = PBXFileReference; lastKnownFileType = sourcecode.swift; path = PongRallyGameView.swift; sourceTree = "<group>"; };
		5E5A42632F4747C400D9B8C9 /* RhythmTapGameView.swift */ = {isa = PBXFileReference; lastKnownFileType = sourcecode.swift; path = RhythmTapGameView.swift; sourceTree = "<group>"; };
		5E5A42642F4747C400D9B8C9 /* SkyJumpGameView.swift */ = {isa = PBXFileReference; lastKnownFileType = sourcecode.swift; path = SkyJumpGameView.swift; sourceTree = "<group>"; };
		5E5A42652F4747C400D9B8C9 /* SliceStormGameView.swift */ = {isa = PBXFileReference; lastKnownFileType = sourcecode.swift; path = SliceStormGameView.swift; sourceTree = "<group>"; };
		5E5A42662F4747C400D9B8C9 /* SnakeGameView.swift */ = {isa = PBXFileReference; lastKnownFileType = sourcecode.swift; path = SnakeGameView.swift; sourceTree = "<group>"; };
		5E5A42672F4747C400D9B8C9 /* SpaceBlasterGameView.swift */ = {isa = PBXFileReference; lastKnownFileType = sourcecode.swift; path = SpaceBlasterGameView.swift; sourceTree = "<group>"; };
		5E5A42682F4747C400D9B8C9 /* SpinWinGameView.swift */ = {isa = PBXFileReference; lastKnownFileType = sourcecode.swift; path = SpinWinGameView.swift; sourceTree = "<group>"; };
		5E5A42692F4747C400D9B8C9 /* StarCatcherGameView.swift */ = {isa = PBXFileReference; lastKnownFileType = sourcecode.swift; path = StarCatcherGameView.swift; sourceTree = "<group>"; };
		5E5A426A2F4747C400D9B8C9 /* TileMergeGameView.swift */ = {isa = PBXFileReference; lastKnownFileType = sourcecode.swift; path = TileMergeGameView.swift; sourceTree = "<group>"; };
		5E5A426B2F4747C400D9B8C9 /* TowerStackGameView.swift */ = {isa = PBXFileReference; lastKnownFileType = sourcecode.swift; path = TowerStackGameView.swift; sourceTree = "<group>"; };
		5E5A426C2F4747C400D9B8C9 /* WoodFitGameView.swift */ = {isa = PBXFileReference; lastKnownFileType = sourcecode.swift; path = WoodFitGameView.swift; sourceTree = "<group>"; };
/* End PBXFileReference section */

/* Begin PBXFileSystemSynchronizedRootGroup section */
		5E5A42532F46BB6F00D9B8C9 /* Preview Content */ = {isa = PBXFileSystemSynchronizedRootGroup; explicitFileTypes = {}; explicitFolders = (); path = "Preview Content"; sourceTree = "<group>"; };
/* End PBXFileSystemSynchronizedRootGroup section */

/* Begin PBXFrameworksBuildPhase section */
		50001B0C2C3E5F0000000001 /* Frameworks */ = {
			isa = PBXFrameworksBuildPhase;
			buildActionMask = 2147483647;
			files = (
			);
			runOnlyForDeploymentPostprocessing = 0;
		};
		50001B332C3E5F0100000001 /* Frameworks */ = {
			isa = PBXFrameworksBuildPhase;
			buildActionMask = 2147483647;
			files = (
			);
			runOnlyForDeploymentPostprocessing = 0;
		};
/* End PBXFrameworksBuildPhase section */

/* Begin PBXGroup section */
		50001B032C3E5F0000000001 = {
			isa = PBXGroup;
			children = (
				50001B182C3E5F0000000001 /* StudyArcade */,
				50001B102C3E5F0000000001 /* Products */,
			);
			sourceTree = "<group>";
		};
		50001B102C3E5F0000000001 /* Products */ = {
			isa = PBXGroup;
			children = (
				50001B0F2C3E5F0000000001 /* StudyArcade.app */,
				50001B362C3E5F0100000001 /* StudyArcadeTests.xctest */,
			);
			name = Products;
			sourceTree = "<group>";
		};
		50001B182C3E5F0000000001 /* StudyArcade */ = {
			isa = PBXGroup;
			children = (
				5E5A42532F46BB6F00D9B8C9 /* Preview Content */,
				50001B192C3E5F0000000001 /* StudyArcadeApp.swift */,
				50001B1B2C3E5F0000000001 /* ContentView.swift */,
				5E5A42412F46BB3000D9B8C9 /* Games */,
				5E5A42452F46BB3000D9B8C9 /* Models */,
				5E5A424A2F46BB3000D9B8C9 /* Views */,
			);
			path = StudyArcade;
			sourceTree = "<group>";
		};
		5E5A42412F46BB3000D9B8C9 /* Games */ = {
			isa = PBXGroup;
			children = (
				5E5A42542F4747C400D9B8C9 /* BlockDropGameView.swift */,
				5E5A42552F4747C400D9B8C9 /* BrickBreakerGameView.swift */,
				5E5A42562F4747C400D9B8C9 /* BubbleShooterGameView.swift */,
				5E5A42572F4747C400D9B8C9 /* CardClimberGameView.swift */,
				5E5A42582F4747C400D9B8C9 /* ColorDashGameView.swift */,
				5E5A42592F4747C400D9B8C9 /* FlapDashGameView.swift */,
				5E5A425A2F4747C400D9B8C9 /* GameSelectionView.swift */,
				5E5A425B2F4747C400D9B8C9 /* GemMatchGameView.swift */,
				5E5A425C2F4747C400D9B8C9 /* GravityDashGameView.swift */,
				5E5A425D2F4747C400D9B8C9 /* HexPuzzleGameView.swift */,
				5E5A425E2F4747C400D9B8C9 /* LaneRunnerGameView.swift */,
				5E5A425F2F4747C400D9B8C9 /* MazeRunnerGameView.swift */,
				5E5A42602F4747C400D9B8C9 /* MoleSmashGameView.swift */,
				5E5A42612F4747C400D9B8C9 /* PatternPulseGameView.swift */,
				5E5A42622F4747C400D9B8C9 /* PongRallyGameView.swift */,
				5E5A42632F4747C400D9B8C9 /* RhythmTapGameView.swift */,
				5E5A42642F4747C400D9B8C9 /* SkyJumpGameView.swift */,
				5E5A42652F4747C400D9B8C9 /* SliceStormGameView.swift */,
				5E5A42662F4747C400D9B8C9 /* SnakeGameView.swift */,
				5E5A42672F4747C400D9B8C9 /* SpaceBlasterGameView.swift */,
				5E5A42682F4747C400D9B8C9 /* SpinWinGameView.swift */,
				5E5A42692F4747C400D9B8C9 /* StarCatcherGameView.swift */,
				5E5A426A2F4747C400D9B8C9 /* TileMergeGameView.swift */,
				5E5A426B2F4747C400D9B8C9 /* TowerStackGameView.swift */,
				5E5A426C2F4747C400D9B8C9 /* WoodFitGameView.swift */,
				5E5A423F2F46BB3000D9B8C9 /* GameWrapper.swift */,
				5E5A42402F46BB3000D9B8C9 /* TapGameView.swift */,
			);
			path = Games;
			sourceTree = "<group>";
		};
		5E5A42452F46BB3000D9B8C9 /* Models */ = {
			isa = PBXGroup;
			children = (
				5E5A42422F46BB3000D9B8C9 /* Flashcard.swift */,
				5E5A42432F46BB3000D9B8C9 /* StudySet.swift */,
				5E5A42442F46BB3000D9B8C9 /* UserProgress.swift */,
			);
			path = Models;
			sourceTree = "<group>";
		};
		5E5A424A2F46BB3000D9B8C9 /* Views */ = {
			isa = PBXGroup;
			children = (
				5E5A42482F46BB3000D9B8C9 /* StudySetDetailView.swift */,
			);
			path = Views;
			sourceTree = "<group>";
		};
/* End PBXGroup section */

/* Begin PBXNativeTarget section */
		50001B0E2C3E5F0000000001 /* StudyArcade */ = {
			isa = PBXNativeTarget;
			buildConfigurationList = 50001B3A2C3E5F0100000001 /* Build configuration list for PBXNativeTarget "StudyArcade" */;
			buildPhases = (
				50001B0B2C3E5F0000000001 /* Sources */,
				50001B0C2C3E5F0000000001 /* Frameworks */,
				50001B0D2C3E5F0000000001 /* Resources */,
			);
			buildRules = (
			);
			dependencies = (
			);
			fileSystemSynchronizedGroups = (
				5E5A42532F46BB6F00D9B8C9 /* Preview Content */,
			);
			name = StudyArcade;
			productName = StudyArcade;
			productReference = 50001B0F2C3E5F0000000001 /* StudyArcade.app */;
			productType = "com.apple.product-type.application";
		};
		50001B322C3E5F0100000001 /* StudyArcadeTests */ = {
			isa = PBXNativeTarget;
			buildConfigurationList = 50001B3D2C3E5F0100000001 /* Build configuration list for PBXNativeTarget "StudyArcadeTests" */;
			buildPhases = (
				50001B2F2C3E5F0100000001 /* Sources */,
				50001B332C3E5F0100000001 /* Frameworks */,
				50001B342C3E5F0100000001 /* Resources */,
			);
			buildRules = (
			);
			dependencies = (
			);
			name = StudyArcadeTests;
			productName = StudyArcadeTests;
			productReference = 50001B362C3E5F0100000001 /* StudyArcadeTests.xctest */;
			productType = "com.apple.product-type.bundle.unit-test";
		};
/* End PBXNativeTarget section */

/* Begin PBXProject section */
		50001B042C3E5F0000000001 /* Project object */ = {
			isa = PBXProject;
			attributes = {
				BuildIndependentTargetsInParallel = 1;
				LastSwiftUpdateCheck = 1500;
				LastUpgradeCheck = 1500;
				TargetAttributes = {
					50001B0E2C3E5F0000000001 = {
						CreatedOnToolsVersion = 15.0;
					};
					50001B322C3E5F0100000001 = {
						CreatedOnToolsVersion = 15.0;
						TestTargetID = 50001B0E2C3E5F0000000001;
					};
				};
			};
			buildConfigurationList = 50001B072C3E5F0000000001 /* Build configuration list for PBXProject "StudyArcade" */;
			compatibilityVersion = "Xcode 14.0";
			developmentRegion = en;
			hasScannedForEncodings = 0;
			knownRegions = (
				en,
				Base,
			);
			mainGroup = 50001B032C3E5F0000000001;
			productRefGroup = 50001B102C3E5F0000000001 /* Products */;
			projectDirPath = "";
			projectRoot = "";
			targets = (
				50001B0E2C3E5F0000000001 /* StudyArcade */,
				50001B322C3E5F0100000001 /* StudyArcadeTests */,
			);
		};
/* End PBXProject section */

/* Begin PBXResourcesBuildPhase section */
		50001B0D2C3E5F0000000001 /* Resources */ = {
			isa = PBXResourcesBuildPhase;
			buildActionMask = 2147483647;
			files = (
			);
			runOnlyForDeploymentPostprocessing = 0;
		};
		50001B342C3E5F0100000001 /* Resources */ = {
			isa = PBXResourcesBuildPhase;
			buildActionMask = 2147483647;
			files = (
			);
			runOnlyForDeploymentPostprocessing = 0;
		};
/* End PBXResourcesBuildPhase section */

/* Begin PBXSourcesBuildPhase section */
		50001B0B2C3E5F0000000001 /* Sources */ = {
			isa = PBXSourcesBuildPhase;
			buildActionMask = 2147483647;
			files = (
				5E5A424C2F46BB3000D9B8C9 /* GameWrapper.swift in Sources */,
				5E5A424D2F46BB3000D9B8C9 /* Flashcard.swift in Sources */,
				5E5A424E2F46BB3000D9B8C9 /* StudySet.swift in Sources */,
				5E5A426D2F4747C400D9B8C9 /* RhythmTapGameView.swift in Sources */,
				5E5A426E2F4747C400D9B8C9 /* TowerStackGameView.swift in Sources */,
				5E5A426F2F4747C400D9B8C9 /* WoodFitGameView.swift in Sources */,
				5E5A42702F4747C400D9B8C9 /* BrickBreakerGameView.swift in Sources */,
				5E5A42712F4747C400D9B8C9 /* SliceStormGameView.swift in Sources */,
				5E5A42722F4747C400D9B8C9 /* BubbleShooterGameView.swift in Sources */,
				5E5A42732F4747C400D9B8C9 /* SpinWinGameView.swift in Sources */,
				5E5A42742F4747C400D9B8C9 /* TileMergeGameView.swift in Sources */,
				5E5A42752F4747C400D9B8C9 /* SpaceBlasterGameView.swift in Sources */,
				5E5A42762F4747C400D9B8C9 /* GameSelectionView.swift in Sources */,
				5E5A42772F4747C400D9B8C9 /* StarCatcherGameView.swift in Sources */,
				5E5A42782F4747C400D9B8C9 /* SkyJumpGameView.swift in Sources */,
				5E5A42792F4747C400D9B8C9 /* PatternPulseGameView.swift in Sources */,
				5E5A427A2F4747C400D9B8C9 /* LaneRunnerGameView.swift in Sources */,
				5E5A427B2F4747C400D9B8C9 /* PongRallyGameView.swift in Sources */,
				5E5A427C2F4747C400D9B8C9 /* FlapDashGameView.swift in Sources */,
				5E5A427D2F4747C400D9B8C9 /* ColorDashGameView.swift in Sources */,
				5E5A427E2F4747C400D9B8C9 /* CardClimberGameView.swift in Sources */,
				5E5A427F2F4747C400D9B8C9 /* GravityDashGameView.swift in Sources */,
				5E5A42802F4747C400D9B8C9 /* MazeRunnerGameView.swift in Sources */,
				5E5A42812F4747C400D9B8C9 /* GemMatchGameView.swift in Sources */,
				5E5A42822F4747C400D9B8C9 /* SnakeGameView.swift in Sources */,
				5E5A42832F4747C400D9B8C9 /* HexPuzzleGameView.swift in Sources */,
				5E5A42842F4747C400D9B8C9 /* BlockDropGameView.swift in Sources */,
				5E5A42852F4747C400D9B8C9 /* MoleSmashGameView.swift in Sources */,
				5E5A424F2F46BB3000D9B8C9 /* UserProgress.swift in Sources */,
				5E5A42502F46BB3000D9B8C9 /* StudySetDetailView.swift in Sources */,
				5E5A42522F46BB3000D9B8C9 /* TapGameView.swift in Sources */,
				50001B1C2C3E5F0000000001 /* ContentView.swift in Sources */,
				50001B1A2C3E5F0000000001 /* StudyArcadeApp.swift in Sources */,
			);
			runOnlyForDeploymentPostprocessing = 0;
		};
		50001B2F2C3E5F0100000001 /* Sources */ = {
			isa = PBXSourcesBuildPhase;
			buildActionMask = 2147483647;
			files = (
			);
			runOnlyForDeploymentPostprocessing = 0;
		};
/* End PBXSourcesBuildPhase section */

/* Begin XCBuildConfiguration section */
		50001B082C3E5F0000000001 /* Debug */ = {
			isa = XCBuildConfiguration;
			buildSettings = {
				ALWAYS_SEARCH_USER_PATHS = NO;
				CLANG_ANALYZER_NONNULL = YES;
				CLANG_ANALYZER_NUMBER_OBJECT_CONVERSION = YES_AGGRESSIVE;
				CLANG_CXX_LANGUAGE_DIALECT = "c++20";
				CLANG_CXX_LIBRARY = "libc++";
				CLANG_ENABLE_MODULES = YES;
				CLANG_ENABLE_OBJC_ARC = YES;
				CLANG_WARN_BLOCK_CAPTURE_AUTORELEASING = YES;
				CLANG_WARN_BOOL_CONVERSION = YES;
				CLANG_WARN_COMMA = YES;
				CLANG_WARN_CONSTANT_CONVERSION = YES;
				CLANG_WARN_DEPRECATED_OBJC_IMPLEMENTATIONS = YES;
				CLANG_WARN_DIRECT_OBJC_ISA_USAGE = YES_ERROR;
				CLANG_WARN_DOCUMENTATION_COMMENTS = YES;
				CLANG_WARN_EMPTY_BODY = YES;
				CLANG_WARN_ENUM_CONVERSION = YES;
				CLANG_WARN_INFINITE_RECURSION = YES;
				CLANG_WARN_INT_CONVERSION = YES;
				CLANG_WARN_NON_LITERAL_NULL_CONVERSION = YES;
				CLANG_WARN_OBJC_IMPLICIT_RETAIN_SELF = YES;
				CLANG_WARN_OBJC_LITERAL_CONVERSION = YES;
				CLANG_WARN_OBJC_ROOT_CLASS = YES_ERROR;
				CLANG_WARN_QUOTED_INCLUDE_IN_FRAMEWORK_HEADER = YES;
				CLANG_WARN_RANGE_LOOP_ANALYSIS = YES;
				CLANG_WARN_STRICT_PROTOTYPES = YES;
				CLANG_WARN_SUSPICIOUS_MOVE = YES;
				CLANG_WARN_SUSPICIOUS_MOVES = YES;
				CLANG_WARN_UNREACHABLE_CODE = YES;
				CLANG_WARN__DUPLICATE_METHOD_MATCH = YES;
				COPY_PHASE_STRIP = NO;
				DEBUG_INFORMATION_FORMAT = dwarf;
				ENABLE_STRICT_OBJC_MSGSEND = YES;
				ENABLE_TESTABILITY = YES;
				ENABLE_USER_SCRIPT_SANDBOXING = YES;
				GCC_C_LANGUAGE_DIALECT = gnu17;
				GCC_DYNAMIC_NO_PIC = NO;
				GCC_NO_COMMON_BLOCKS = YES;
				GCC_OPTIMIZATION_LEVEL = 0;
				GCC_PREPROCESSOR_DEFINITIONS = (
					"DEBUG=1",
					"$(inherited)",
				);
				GCC_WARN_64_TO_32_BIT_CONVERSION = YES;
				GCC_WARN_ABOUT_RETURN_TYPE = YES_ERROR;
				GCC_WARN_UNDECLARED_SELECTOR = YES;
				GCC_WARN_UNINITIALIZED_AUTOS = YES_AGGRESSIVE;
				GCC_WARN_UNUSED_FUNCTION = YES;
				GCC_WARN_UNUSED_VARIABLE = YES;
				IPHONEOS_DEPLOYMENT_TARGET = 17.0;
				LOCALIZATION_PREFERS_STRING_CATALOGS = YES;
				MTL_ENABLE_DEBUG_INFO = INCLUDE_SOURCE;
				MTL_FAST_MATH = YES;
				ONLY_ACTIVE_ARCH = YES;
				SDKROOT = iphoneos;
				SWIFT_ACTIVE_COMPILATION_CONDITIONS = DEBUG;
				SWIFT_OPTIMIZATION_LEVEL = "-Onone";
				SWIFT_VERSION = 5.0;
			};
			name = Debug;
		};
		50001B092C3E5F0000000001 /* Release */ = {
			isa = XCBuildConfiguration;
			buildSettings = {
				ALWAYS_SEARCH_USER_PATHS = NO;
				CLANG_ANALYZER_NONNULL = YES;
				CLANG_ANALYZER_NUMBER_OBJECT_CONVERSION = YES_AGGRESSIVE;
				CLANG_CXX_LANGUAGE_DIALECT = "c++20";
				CLANG_CXX_LIBRARY = "libc++";
				CLANG_ENABLE_MODULES = YES;
				CLANG_ENABLE_OBJC_ARC = YES;
				CLANG_WARN_BLOCK_CAPTURE_AUTORELEASING = YES;
				CLANG_WARN_BOOL_CONVERSION = YES;
				CLANG_WARN_COMMA = YES;
				CLANG_WARN_CONSTANT_CONVERSION = YES;
				CLANG_WARN_DEPRECATED_OBJC_IMPLEMENTATIONS = YES;
				CLANG_WARN_DIRECT_OBJC_ISA_USAGE = YES_ERROR;
				CLANG_WARN_DOCUMENTATION_COMMENTS = YES;
				CLANG_WARN_EMPTY_BODY = YES;
				CLANG_WARN_ENUM_CONVERSION = YES;
				CLANG_WARN_INFINITE_RECURSION = YES;
				CLANG_WARN_INT_CONVERSION = YES;
				CLANG_WARN_NON_LITERAL_NULL_CONVERSION = YES;
				CLANG_WARN_OBJC_IMPLICIT_RETAIN_SELF = YES;
				CLANG_WARN_OBJC_LITERAL_CONVERSION = YES;
				CLANG_WARN_OBJC_ROOT_CLASS = YES_ERROR;
				CLANG_WARN_QUOTED_INCLUDE_IN_FRAMEWORK_HEADER = YES;
				CLANG_WARN_RANGE_LOOP_ANALYSIS = YES;
				CLANG_WARN_STRICT_PROTOTYPES = YES;
				CLANG_WARN_SUSPICIOUS_MOVE = YES;
				CLANG_WARN_SUSPICIOUS_MOVES = YES;
				CLANG_WARN_UNREACHABLE_CODE = YES;
				CLANG_WARN__DUPLICATE_METHOD_MATCH = YES;
				COPY_PHASE_STRIP = NO;
				DEBUG_INFORMATION_FORMAT = "dwarf-with-dsym";
				ENABLE_NS_ASSERTIONS = NO;
				ENABLE_STRICT_OBJC_MSGSEND = YES;
				ENABLE_USER_SCRIPT_SANDBOXING = YES;
				GCC_C_LANGUAGE_DIALECT = gnu17;
				GCC_NO_COMMON_BLOCKS = YES;
				GCC_OPTIMIZATION_LEVEL = s;
				GCC_WARN_64_TO_32_BIT_CONVERSION = YES;
				GCC_WARN_ABOUT_RETURN_TYPE = YES_ERROR;
				GCC_WARN_UNDECLARED_SELECTOR = YES;
				GCC_WARN_UNINITIALIZED_AUTOS = YES_AGGRESSIVE;
				GCC_WARN_UNUSED_FUNCTION = YES;
				GCC_WARN_UNUSED_VARIABLE = YES;
				IPHONEOS_DEPLOYMENT_TARGET = 17.0;
				LOCALIZATION_PREFERS_STRING_CATALOGS = YES;
				MTL_ENABLE_DEBUG_INFO = NO;
				MTL_FAST_MATH = YES;
				SDKROOT = iphoneos;
				SWIFT_COMPILATION_MODE = wholemodule;
				SWIFT_OPTIMIZATION_LEVEL = "-O";
				SWIFT_VERSION = 5.0;
				VALIDATE_PRODUCT = YES;
			};
			name = Release;
		};
		50001B3B2C3E5F0100000001 /* Debug */ = {
			isa = XCBuildConfiguration;
			buildSettings = {
				ASSETCATALOG_COMPILER_APPICON_NAME = AppIcon;
				ASSETCATALOG_COMPILER_GLOBAL_ACCENT_COLOR_NAME = AccentColor;
				CODE_SIGN_STYLE = Automatic;
				CURRENT_PROJECT_VERSION = 1;
				DEVELOPMENT_ASSET_PATHS = "\"StudyArcade/Preview Content\"";
				ENABLE_PREVIEWS = YES;
				GENERATE_INFOPLIST_FILE = YES;
				INFOPLIST_KEY_UIApplicationSceneManifestType = UIApplicationSceneManifestTypeValue;
				INFOPLIST_KEY_UIApplicationSupportsIndirectInputEvents = YES;
				INFOPLIST_KEY_UILaunchScreen_Generation = YES;
				INFOPLIST_KEY_UISupportedInterfaceOrientations_iPad = "UIInterfaceOrientationPortrait UIInterfaceOrientationPortraitUpsideDown UIInterfaceOrientationLandscapeLeft UIInterfaceOrientationLandscapeRight";
				INFOPLIST_KEY_UISupportedInterfaceOrientations_iPhone = "UIInterfaceOrientationPortrait UIInterfaceOrientationLandscapeLandscapeRight";
				LD_RUNPATH_SEARCH_PATHS = (
					"$(inherited)",
					"@executable_path/Frameworks",
				);
				MARKETING_VERSION = 1.0;
				PRODUCT_BUNDLE_IDENTIFIER = com.studyarcade.app;
				PRODUCT_NAME = "$(TARGET_NAME)";
				SWIFT_EMIT_LOC_STRINGS = YES;
				SWIFT_VERSION = 5.0;
				TARGETED_DEVICE_FAMILY = "1,2";
			};
			name = Debug;
		};
		50001B3C2C3E5F0100000001 /* Release */ = {
			isa = XCBuildConfiguration;
			buildSettings = {
				ASSETCATALOG_COMPILER_APPICON_NAME = AppIcon;
				ASSETCATALOG_COMPILER_GLOBAL_ACCENT_COLOR_NAME = AccentColor;
				CODE_SIGN_STYLE = Automatic;
				CURRENT_PROJECT_VERSION = 1;
				DEVELOPMENT_ASSET_PATHS = "\"StudyArcade/Preview Content\"";
				ENABLE_PREVIEWS = YES;
				GENERATE_INFOPLIST_FILE = YES;
				INFOPLIST_KEY_UIApplicationSceneManifestType = UIApplicationSceneManifestTypeValue;
				INFOPLIST_KEY_UIApplicationSupportsIndirectInputEvents = YES;
				INFOPLIST_KEY_UILaunchScreen_Generation = YES;
				INFOPLIST_KEY_UISupportedInterfaceOrientations_iPad = "UIInterfaceOrientationPortrait UIInterfaceOrientationPortraitUpsideDown UIInterfaceOrientationLandscapeLeft UIInterfaceOrientationLandscapeRight";
				INFOPLIST_KEY_UISupportedInterfaceOrientations_iPhone = "UIInterfaceOrientationPortrait UIInterfaceOrientationLandscapeLandscapeRight";
				LD_RUNPATH_SEARCH_PATHS = (
					"$(inherited)",
					"@executable_path/Frameworks",
				);
				MARKETING_VERSION = 1.0;
				PRODUCT_BUNDLE_IDENTIFIER = com.studyarcade.app;
				PRODUCT_NAME = "$(TARGET_NAME)";
				SWIFT_EMIT_LOC_STRINGS = YES;
				SWIFT_VERSION = 5.0;
				TARGETED_DEVICE_FAMILY = "1,2";
			};
			name = Release;
		};
		50001B3E2C3E5F0100000001 /* Debug */ = {
			isa = XCBuildConfiguration;
			buildSettings = {
				BUNDLE_LOADER = "$(TEST_HOST)";
				CODE_SIGN_STYLE = Automatic;
				CURRENT_PROJECT_VERSION = 1;
				GENERATE_INFOPLIST_FILE = YES;
				IPHONEOS_DEPLOYMENT_TARGET = 17.0;
				MARKETING_VERSION = 1.0;
				PRODUCT_BUNDLE_IDENTIFIER = com.studyarcade.tests;
				PRODUCT_NAME = "$(TARGET_NAME)";
				SWIFT_EMIT_LOC_STRINGS = NO;
				SWIFT_VERSION = 5.0;
				TARGETED_DEVICE_FAMILY = "1,2";
				TEST_HOST = "$(BUILT_PRODUCTS_DIR)/StudyArcade.app/$(EXECUTABLE_PATH)";
			};
			name = Debug;
		};
		50001B3F2C3E5F0100000001 /* Release */ = {
			isa = XCBuildConfiguration;
			buildSettings = {
				BUNDLE_LOADER = "$(TEST_HOST)";
				CODE_SIGN_STYLE = Automatic;
				CURRENT_PROJECT_VERSION = 1;
				GENERATE_INFOPLIST_FILE = YES;
				IPHONEOS_DEPLOYMENT_TARGET = 17.0;
				MARKETING_VERSION = 1.0;
				PRODUCT_BUNDLE_IDENTIFIER = com.studyarcade.tests;
				PRODUCT_NAME = "$(TARGET_NAME)";
				SWIFT_EMIT_LOC_STRINGS = NO;
				SWIFT_VERSION = 5.0;
				TARGETED_DEVICE_FAMILY = "1,2";
				TEST_HOST = "$(BUILT_PRODUCTS_DIR)/StudyArcade.app/$(EXECUTABLE_PATH)";
			};
			name = Release;
		};
/* End XCBuildConfiguration section */

/* Begin XCConfigurationList section */
		50001B072C3E5F0000000001 /* Build configuration list for PBXProject "StudyArcade" */ = {
			isa = XCConfigurationList;
			buildConfigurations = (
				50001B082C3E5F0000000001 /* Debug */,
				50001B092C3E5F0000000001 /* Release */,
			);
			defaultConfigurationIsVisible = 0;
			defaultConfigurationName = Release;
		};
		50001B3A2C3E5F0100000001 /* Build configuration list for PBXNativeTarget "StudyArcade" */ = {
			isa = XCConfigurationList;
			buildConfigurations = (
				50001B3B2C3E5F0100000001 /* Debug */,
				50001B3C2C3E5F0100000001 /* Release */,
			);
			defaultConfigurationIsVisible = 0;
			defaultConfigurationName = Release;
		};
		50001B3D2C3E5F0100000001 /* Build configuration list for PBXNativeTarget "StudyArcadeTests" */ = {
			isa = XCConfigurationList;
			buildConfigurations = (
				50001B3E2C3E5F0100000001 /* Debug */,
				50001B3F2C3E5F0100000001 /* Release */,
			);
			defaultConfigurationIsVisible = 0;
			defaultConfigurationName = Release;
		};
/* End XCConfigurationList section */
	};
	rootObject = 50001B042C3E5F0000000001 /* Project object */;
}
